
Microsoft Visual Studio Solution File, Format Version 12.00
# Visual Studio Version 17
VisualStudioVersion = 17.9.34728.123
MinimumVisualStudioVersion = 10.0.40219.1
Project("{FAE04EC0-301F-11D3-BF4B-00C04F79EFBC}") = "ShippingService", "ShippingService.csproj", "{B557093E-1C5B-45FA-9B4F-3D5894221E83}"
EndProject
Global
	GlobalSection(SolutionConfigurationPlatforms) = preSolution
		Debug|Any CPU = Debug|Any CPU
		Release|Any CPU = Release|Any CPU
	EndGlobalSection
	GlobalSection(ProjectConfigurationPlatforms) = postSolution
		{B557093E-1C5B-45FA-9B4F-3D5894221E83}.Debug|Any CPU.ActiveCfg = Debug|Any CPU
		{B557093E-1C5B-45FA-9B4F-3D5894221E83}.Debug|Any CPU.Build.0 = Debug|Any CPU
		{B557093E-1C5B-45FA-9B4F-3D5894221E83}.Release|Any CPU.ActiveCfg = Release|Any CPU
		{B557093E-1C5B-45FA-9B4F-3D5894221E83}.Release|Any CPU.Build.0 = Release|Any CPU
	EndGlobalSection
	GlobalSection(SolutionProperties) = preSolution
		HideSolutionNode = FALSE
	EndGlobalSection
	GlobalSection(ExtensibilityGlobals) = postSolution
		SolutionGuid = {51E6743A-5EE4-46BF-ACEA-87DD45F3C1A2}
	EndGlobalSection
EndGlobal
